
Microsoft Visual Studio Solution File, Format Version 12.00
# Visual Studio Version 16
VisualStudioVersion = 16.0.29503.13
MinimumVisualStudioVersion = 10.0.40219.1
Project("{9A19103F-16F7-4668-BE54-9A1E7A4F7556}") = "E-Hospital.DAL", "E-Hospital.DAL\E-Hospital.DAL.csproj", "{23D619C0-CB1F-4B05-9FD7-CA9927834E37}"
EndProject
Project("{FAE04EC0-301F-11D3-BF4B-00C04F79EFBC}") = "E-Hospital.Client", "E-Hospital.Client\E-Hospital.Client.csproj", "{6118FC29-FEA4-4CBD-AF97-3094C1E96F41}"
EndProject
Project("{FAE04EC0-301F-11D3-BF4B-00C04F79EFBC}") = "E-Hospital.BLL", "E-Hospital.BusinessLogic\E-Hospital.BLL.csproj", "{9B99F278-7952-496E-B147-A04D063FF4BF}"
EndProject
Project("{FAE04EC0-301F-11D3-BF4B-00C04F79EFBC}") = "E-Hospital.Server", "E-Hospital.Server\E-Hospital.Server.csproj", "{2FF80ADE-54D5-4845-9C94-F14E6F7275A5}"
EndProject
Project("{2150E333-8FDC-42A3-9474-1A3956D46DE8}") = "Server", "Server", "{17E72B1F-B703-4338-80C7-4F2F60165D48}"
EndProject
Project("{2150E333-8FDC-42A3-9474-1A3956D46DE8}") = "Client", "Client", "{50AA2CB3-D0B7-46F9-BB9B-91BFB233BAEA}"
EndProject
Global
	GlobalSection(SolutionConfigurationPlatforms) = preSolution
		Debug|Any CPU = Debug|Any CPU
		Release|Any CPU = Release|Any CPU
	EndGlobalSection
	GlobalSection(ProjectConfigurationPlatforms) = postSolution
		{23D619C0-CB1F-4B05-9FD7-CA9927834E37}.Debug|Any CPU.ActiveCfg = Debug|Any CPU
		{23D619C0-CB1F-4B05-9FD7-CA9927834E37}.Debug|Any CPU.Build.0 = Debug|Any CPU
		{23D619C0-CB1F-4B05-9FD7-CA9927834E37}.Release|Any CPU.ActiveCfg = Release|Any CPU
		{23D619C0-CB1F-4B05-9FD7-CA9927834E37}.Release|Any CPU.Build.0 = Release|Any CPU
		{6118FC29-FEA4-4CBD-AF97-3094C1E96F41}.Debug|Any CPU.ActiveCfg = Debug|Any CPU
		{6118FC29-FEA4-4CBD-AF97-3094C1E96F41}.Debug|Any CPU.Build.0 = Debug|Any CPU
		{6118FC29-FEA4-4CBD-AF97-3094C1E96F41}.Release|Any CPU.ActiveCfg = Release|Any CPU
		{6118FC29-FEA4-4CBD-AF97-3094C1E96F41}.Release|Any CPU.Build.0 = Release|Any CPU
		{9B99F278-7952-496E-B147-A04D063FF4BF}.Debug|Any CPU.ActiveCfg = Debug|Any CPU
		{9B99F278-7952-496E-B147-A04D063FF4BF}.Debug|Any CPU.Build.0 = Debug|Any CPU
		{9B99F278-7952-496E-B147-A04D063FF4BF}.Release|Any CPU.ActiveCfg = Release|Any CPU
		{9B99F278-7952-496E-B147-A04D063FF4BF}.Release|Any CPU.Build.0 = Release|Any CPU
		{2FF80ADE-54D5-4845-9C94-F14E6F7275A5}.Debug|Any CPU.ActiveCfg = Debug|Any CPU
		{2FF80ADE-54D5-4845-9C94-F14E6F7275A5}.Debug|Any CPU.Build.0 = Debug|Any CPU
		{2FF80ADE-54D5-4845-9C94-F14E6F7275A5}.Release|Any CPU.ActiveCfg = Release|Any CPU
		{2FF80ADE-54D5-4845-9C94-F14E6F7275A5}.Release|Any CPU.Build.0 = Release|Any CPU
	EndGlobalSection
	GlobalSection(SolutionProperties) = preSolution
		HideSolutionNode = FALSE
	EndGlobalSection
	GlobalSection(NestedProjects) = preSolution
		{23D619C0-CB1F-4B05-9FD7-CA9927834E37} = {17E72B1F-B703-4338-80C7-4F2F60165D48}
		{6118FC29-FEA4-4CBD-AF97-3094C1E96F41} = {50AA2CB3-D0B7-46F9-BB9B-91BFB233BAEA}
		{9B99F278-7952-496E-B147-A04D063FF4BF} = {17E72B1F-B703-4338-80C7-4F2F60165D48}
		{2FF80ADE-54D5-4845-9C94-F14E6F7275A5} = {17E72B1F-B703-4338-80C7-4F2F60165D48}
	EndGlobalSection
	GlobalSection(ExtensibilityGlobals) = postSolution
		SolutionGuid = {B7000F6C-6BDD-492E-AFD0-755ED2763167}
	EndGlobalSection
EndGlobal
