
Microsoft Visual Studio Solution File, Format Version 12.00
# Visual Studio 15
VisualStudioVersion = 15.0.28307.902
MinimumVisualStudioVersion = 10.0.40219.1
Project("{FAE04EC0-301F-11D3-BF4B-00C04F79EFBC}") = "E-Hospital.Client", "E-Hospital.Client\E-Hospital.Client.csproj", "{6118FC29-FEA4-4CBD-AF97-3094C1E96F41}"
EndProject
Project("{FAE04EC0-301F-11D3-BF4B-00C04F79EFBC}") = "E-Hospital.BLL", "E-Hospital.BusinessLogic\E-Hospital.BLL.csproj", "{9B99F278-7952-496E-B147-A04D063FF4BF}"
EndProject
Project("{2150E333-8FDC-42A3-9474-1A3956D46DE8}") = "Server", "Server", "{17E72B1F-B703-4338-80C7-4F2F60165D48}"
EndProject
Project("{2150E333-8FDC-42A3-9474-1A3956D46DE8}") = "Client", "Client", "{50AA2CB3-D0B7-46F9-BB9B-91BFB233BAEA}"
EndProject
Project("{FAE04EC0-301F-11D3-BF4B-00C04F79EFBC}") = "E-Hospital.DAL", "E-Hospital.DAL\E-Hospital.DAL.csproj", "{56A701EA-AA68-4861-9FFC-FF400C71FCC9}"
EndProject
Project("{FAE04EC0-301F-11D3-BF4B-00C04F79EFBC}") = "E-Hospital.ConsoleHost", "E-Hospital.ConsoleHost\E-Hospital.ConsoleHost.csproj", "{82CD2669-D5DD-4ED4-8F85-0EF265F4B481}"
EndProject
Global
	GlobalSection(SolutionConfigurationPlatforms) = preSolution
		Debug|Any CPU = Debug|Any CPU
		Release|Any CPU = Release|Any CPU
	EndGlobalSection
	GlobalSection(ProjectConfigurationPlatforms) = postSolution
		{6118FC29-FEA4-4CBD-AF97-3094C1E96F41}.Debug|Any CPU.ActiveCfg = Debug|Any CPU
		{6118FC29-FEA4-4CBD-AF97-3094C1E96F41}.Debug|Any CPU.Build.0 = Debug|Any CPU
		{6118FC29-FEA4-4CBD-AF97-3094C1E96F41}.Release|Any CPU.ActiveCfg = Release|Any CPU
		{6118FC29-FEA4-4CBD-AF97-3094C1E96F41}.Release|Any CPU.Build.0 = Release|Any CPU
		{9B99F278-7952-496E-B147-A04D063FF4BF}.Debug|Any CPU.ActiveCfg = Debug|Any CPU
		{9B99F278-7952-496E-B147-A04D063FF4BF}.Debug|Any CPU.Build.0 = Debug|Any CPU
		{9B99F278-7952-496E-B147-A04D063FF4BF}.Release|Any CPU.ActiveCfg = Release|Any CPU
		{9B99F278-7952-496E-B147-A04D063FF4BF}.Release|Any CPU.Build.0 = Release|Any CPU
		{56A701EA-AA68-4861-9FFC-FF400C71FCC9}.Debug|Any CPU.ActiveCfg = Debug|Any CPU
		{56A701EA-AA68-4861-9FFC-FF400C71FCC9}.Debug|Any CPU.Build.0 = Debug|Any CPU
		{56A701EA-AA68-4861-9FFC-FF400C71FCC9}.Release|Any CPU.ActiveCfg = Release|Any CPU
		{56A701EA-AA68-4861-9FFC-FF400C71FCC9}.Release|Any CPU.Build.0 = Release|Any CPU
		{82CD2669-D5DD-4ED4-8F85-0EF265F4B481}.Debug|Any CPU.ActiveCfg = Debug|Any CPU
		{82CD2669-D5DD-4ED4-8F85-0EF265F4B481}.Debug|Any CPU.Build.0 = Debug|Any CPU
		{82CD2669-D5DD-4ED4-8F85-0EF265F4B481}.Release|Any CPU.ActiveCfg = Release|Any CPU
		{82CD2669-D5DD-4ED4-8F85-0EF265F4B481}.Release|Any CPU.Build.0 = Release|Any CPU
	EndGlobalSection
	GlobalSection(SolutionProperties) = preSolution
		HideSolutionNode = FALSE
	EndGlobalSection
	GlobalSection(NestedProjects) = preSolution
		{6118FC29-FEA4-4CBD-AF97-3094C1E96F41} = {50AA2CB3-D0B7-46F9-BB9B-91BFB233BAEA}
		{9B99F278-7952-496E-B147-A04D063FF4BF} = {17E72B1F-B703-4338-80C7-4F2F60165D48}
		{56A701EA-AA68-4861-9FFC-FF400C71FCC9} = {17E72B1F-B703-4338-80C7-4F2F60165D48}
		{82CD2669-D5DD-4ED4-8F85-0EF265F4B481} = {17E72B1F-B703-4338-80C7-4F2F60165D48}
	EndGlobalSection
	GlobalSection(ExtensibilityGlobals) = postSolution
		SolutionGuid = {B7000F6C-6BDD-492E-AFD0-755ED2763167}
	EndGlobalSection
EndGlobal
